
Microsoft Visual Studio Solution File, Format Version 12.00
# Visual Studio Version 16
VisualStudioVersion = 16.0.31313.79
MinimumVisualStudioVersion = 10.0.40219.1
Project("{9A19103F-16F7-4668-BE54-9A1E7A4F7556}") = "Project.Entities", "Project.Entities\Project.Entities.csproj", "{1BA2C464-9585-49DE-B988-D253ADB0544E}"
EndProject
Project("{9A19103F-16F7-4668-BE54-9A1E7A4F7556}") = "Project.DataAccess", "Project.DataAccess\Project.DataAccess.csproj", "{9E8ACF7A-BA80-443E-9548-2D6BB1EAF5F8}"
EndProject
Project("{9A19103F-16F7-4668-BE54-9A1E7A4F7556}") = "Project.Core", "Project.Core\Project.Core.csproj", "{CFCD1D84-BAFF-461C-BF4F-AEC219100FC1}"
EndProject
Project("{9A19103F-16F7-4668-BE54-9A1E7A4F7556}") = "Project.Business", "Project.Business\Project.Business.csproj", "{A0578FFC-BF5C-4837-B93D-A7178E2797B4}"
EndProject
Project("{FAE04EC0-301F-11D3-BF4B-00C04F79EFBC}") = "MySaying", "MySaying\MySaying.csproj", "{EF56B5B6-F806-449A-9157-4162E28635D0}"
EndProject
Global
	GlobalSection(SolutionConfigurationPlatforms) = preSolution
		Debug|Any CPU = Debug|Any CPU
		Release|Any CPU = Release|Any CPU
	EndGlobalSection
	GlobalSection(ProjectConfigurationPlatforms) = postSolution
		{1BA2C464-9585-49DE-B988-D253ADB0544E}.Debug|Any CPU.ActiveCfg = Debug|Any CPU
		{1BA2C464-9585-49DE-B988-D253ADB0544E}.Debug|Any CPU.Build.0 = Debug|Any CPU
		{1BA2C464-9585-49DE-B988-D253ADB0544E}.Release|Any CPU.ActiveCfg = Release|Any CPU
		{1BA2C464-9585-49DE-B988-D253ADB0544E}.Release|Any CPU.Build.0 = Release|Any CPU
		{9E8ACF7A-BA80-443E-9548-2D6BB1EAF5F8}.Debug|Any CPU.ActiveCfg = Debug|Any CPU
		{9E8ACF7A-BA80-443E-9548-2D6BB1EAF5F8}.Debug|Any CPU.Build.0 = Debug|Any CPU
		{9E8ACF7A-BA80-443E-9548-2D6BB1EAF5F8}.Release|Any CPU.ActiveCfg = Release|Any CPU
		{9E8ACF7A-BA80-443E-9548-2D6BB1EAF5F8}.Release|Any CPU.Build.0 = Release|Any CPU
		{CFCD1D84-BAFF-461C-BF4F-AEC219100FC1}.Debug|Any CPU.ActiveCfg = Debug|Any CPU
		{CFCD1D84-BAFF-461C-BF4F-AEC219100FC1}.Debug|Any CPU.Build.0 = Debug|Any CPU
		{CFCD1D84-BAFF-461C-BF4F-AEC219100FC1}.Release|Any CPU.ActiveCfg = Release|Any CPU
		{CFCD1D84-BAFF-461C-BF4F-AEC219100FC1}.Release|Any CPU.Build.0 = Release|Any CPU
		{A0578FFC-BF5C-4837-B93D-A7178E2797B4}.Debug|Any CPU.ActiveCfg = Debug|Any CPU
		{A0578FFC-BF5C-4837-B93D-A7178E2797B4}.Debug|Any CPU.Build.0 = Debug|Any CPU
		{A0578FFC-BF5C-4837-B93D-A7178E2797B4}.Release|Any CPU.ActiveCfg = Release|Any CPU
		{A0578FFC-BF5C-4837-B93D-A7178E2797B4}.Release|Any CPU.Build.0 = Release|Any CPU
		{EF56B5B6-F806-449A-9157-4162E28635D0}.Debug|Any CPU.ActiveCfg = Debug|Any CPU
		{EF56B5B6-F806-449A-9157-4162E28635D0}.Debug|Any CPU.Build.0 = Debug|Any CPU
		{EF56B5B6-F806-449A-9157-4162E28635D0}.Release|Any CPU.ActiveCfg = Release|Any CPU
		{EF56B5B6-F806-449A-9157-4162E28635D0}.Release|Any CPU.Build.0 = Release|Any CPU
	EndGlobalSection
	GlobalSection(SolutionProperties) = preSolution
		HideSolutionNode = FALSE
	EndGlobalSection
	GlobalSection(ExtensibilityGlobals) = postSolution
		SolutionGuid = {8AAF4777-B982-4CE4-AA75-DF01DA2DE4AD}
	EndGlobalSection
EndGlobal
